
Microsoft Visual Studio Solution File, Format Version 12.00
# Visual Studio 15
VisualStudioVersion = 15.0.26228.4
MinimumVisualStudioVersion = 10.0.40219.1
Project("{2150E333-8FDC-42A3-9474-1A3956D46DE8}") = "src", "src", "{9728357A-237B-4337-A648-6F56FE479A6F}"
EndProject
Project("{2150E333-8FDC-42A3-9474-1A3956D46DE8}") = "Solution Items", "Solution Items", "{61946056-1D5C-4774-B0D8-8FABADBDBE81}"
EndProject
Project("{9A19103F-16F7-4668-BE54-9A1E7A4F7556}") = "DotNetBlog.Web", "src\DotNetBlog.Web\DotNetBlog.Web.csproj", "{89F9B8C8-2F34-41CF-B39E-C23935AFADC8}"
EndProject
Project("{9A19103F-16F7-4668-BE54-9A1E7A4F7556}") = "DotNetBlog.Core", "src\DotNetBlog.Core\DotNetBlog.Core.csproj", "{89065586-C5EF-4EF4-BCD5-63D47E6E3816}"
EndProject
Project("{E24C65DC-7377-472B-9ABA-BC803B73C61A}") = "DotNetBlog.Admin", "src\DotNetBlog.Admin\", "{D2657CFC-8E57-49BB-9BE9-4FE37599F0E3}"
	ProjectSection(WebsiteProperties) = preProject
		TargetFrameworkMoniker = ".NETFramework,Version%3Dv4.0"
		Debug.AspNetCompiler.VirtualPath = "/localhost_57806"
		Debug.AspNetCompiler.PhysicalPath = "src\DotNetBlog.Admin\"
		Debug.AspNetCompiler.TargetPath = "PrecompiledWeb\localhost_57806\"
		Debug.AspNetCompiler.Updateable = "true"
		Debug.AspNetCompiler.ForceOverwrite = "true"
		Debug.AspNetCompiler.FixedNames = "false"
		Debug.AspNetCompiler.Debug = "True"
		Release.AspNetCompiler.VirtualPath = "/localhost_57806"
		Release.AspNetCompiler.PhysicalPath = "src\DotNetBlog.Admin\"
		Release.AspNetCompiler.TargetPath = "PrecompiledWeb\localhost_57806\"
		Release.AspNetCompiler.Updateable = "true"
		Release.AspNetCompiler.ForceOverwrite = "true"
		Release.AspNetCompiler.FixedNames = "false"
		Release.AspNetCompiler.Debug = "False"
		VWDPort = "57806"
	EndProjectSection
EndProject
Global
	GlobalSection(SolutionConfigurationPlatforms) = preSolution
		Debug|Any CPU = Debug|Any CPU
		Release|Any CPU = Release|Any CPU
	EndGlobalSection
	GlobalSection(ProjectConfigurationPlatforms) = postSolution
		{89F9B8C8-2F34-41CF-B39E-C23935AFADC8}.Debug|Any CPU.ActiveCfg = Debug|Any CPU
		{89F9B8C8-2F34-41CF-B39E-C23935AFADC8}.Debug|Any CPU.Build.0 = Debug|Any CPU
		{89F9B8C8-2F34-41CF-B39E-C23935AFADC8}.Release|Any CPU.ActiveCfg = Release|Any CPU
		{89F9B8C8-2F34-41CF-B39E-C23935AFADC8}.Release|Any CPU.Build.0 = Release|Any CPU
		{89065586-C5EF-4EF4-BCD5-63D47E6E3816}.Debug|Any CPU.ActiveCfg = Debug|Any CPU
		{89065586-C5EF-4EF4-BCD5-63D47E6E3816}.Debug|Any CPU.Build.0 = Debug|Any CPU
		{89065586-C5EF-4EF4-BCD5-63D47E6E3816}.Release|Any CPU.ActiveCfg = Release|Any CPU
		{89065586-C5EF-4EF4-BCD5-63D47E6E3816}.Release|Any CPU.Build.0 = Release|Any CPU
		{D2657CFC-8E57-49BB-9BE9-4FE37599F0E3}.Debug|Any CPU.ActiveCfg = Debug|Any CPU
		{D2657CFC-8E57-49BB-9BE9-4FE37599F0E3}.Debug|Any CPU.Build.0 = Debug|Any CPU
		{D2657CFC-8E57-49BB-9BE9-4FE37599F0E3}.Release|Any CPU.ActiveCfg = Debug|Any CPU
		{D2657CFC-8E57-49BB-9BE9-4FE37599F0E3}.Release|Any CPU.Build.0 = Debug|Any CPU
	EndGlobalSection
	GlobalSection(SolutionProperties) = preSolution
		HideSolutionNode = FALSE
	EndGlobalSection
	GlobalSection(NestedProjects) = preSolution
		{89F9B8C8-2F34-41CF-B39E-C23935AFADC8} = {9728357A-237B-4337-A648-6F56FE479A6F}
		{89065586-C5EF-4EF4-BCD5-63D47E6E3816} = {9728357A-237B-4337-A648-6F56FE479A6F}
		{D2657CFC-8E57-49BB-9BE9-4FE37599F0E3} = {9728357A-237B-4337-A648-6F56FE479A6F}
	EndGlobalSection
EndGlobal
